
Microsoft Visual Studio Solution File, Format Version 12.00
Project("{FAE04EC0-301F-11D3-BF4B-00C04F79EFBC}") = "WpfApp1", "WpfApp1\WpfApp1.csproj", "{B571B138-5E71-43F7-8ACF-BBC3682AE42C}"
EndProject
Project("{FAE04EC0-301F-11D3-BF4B-00C04F79EFBC}") = "GraphicEditor", "..\..\..\..\..\BSUIR\OOP\GraphicEditor\GraphicEditor.csproj", "{D18C4EB6-0EF6-48A1-B152-749FA603B88D}"
EndProject
Global
	GlobalSection(SolutionConfigurationPlatforms) = preSolution
		Debug|Any CPU = Debug|Any CPU
		Release|Any CPU = Release|Any CPU
	EndGlobalSection
	GlobalSection(ProjectConfigurationPlatforms) = postSolution
		{B571B138-5E71-43F7-8ACF-BBC3682AE42C}.Debug|Any CPU.ActiveCfg = Debug|Any CPU
		{B571B138-5E71-43F7-8ACF-BBC3682AE42C}.Debug|Any CPU.Build.0 = Debug|Any CPU
		{B571B138-5E71-43F7-8ACF-BBC3682AE42C}.Release|Any CPU.ActiveCfg = Release|Any CPU
		{B571B138-5E71-43F7-8ACF-BBC3682AE42C}.Release|Any CPU.Build.0 = Release|Any CPU
		{D18C4EB6-0EF6-48A1-B152-749FA603B88D}.Debug|Any CPU.ActiveCfg = Debug|Any CPU
		{D18C4EB6-0EF6-48A1-B152-749FA603B88D}.Debug|Any CPU.Build.0 = Debug|Any CPU
		{D18C4EB6-0EF6-48A1-B152-749FA603B88D}.Release|Any CPU.ActiveCfg = Release|Any CPU
		{D18C4EB6-0EF6-48A1-B152-749FA603B88D}.Release|Any CPU.Build.0 = Release|Any CPU
	EndGlobalSection
EndGlobal
